{
  "object": {
    "pins": [
      {
        "package": "Facebook",
        "repositoryURL": "https://github.com/facebook/facebook-ios-sdk.git",
        "state": {
          "branch": null,
          "revision": "ad850211b5b9aaec2355d18b4ecb6c0f481448e2",
          "version": "9.0.1"
        }
      },
      {
        "package": "Kingfisher",
        "repositoryURL": "https://github.com/onevcat/Kingfisher.git",
        "state": {
          "branch": null,
          "revision": "81dd1ce8401137637663046c7314e7c885bcc56d",
          "version": "6.1.1"
        }
      }
    ]
  },
  "version": 1
}
