{
  "object": {
    "pins": [
      {
        "package": "Facebook",
        "repositoryURL": "https://github.com/facebook/facebook-ios-sdk.git",
        "state": {
          "branch": null,
          "revision": "ad850211b5b9aaec2355d18b4ecb6c0f481448e2",
          "version": "9.0.1"
        }
      },
      {
        "package": "Kingfisher",
        "repositoryURL": "https://github.com/onevcat/Kingfisher.git",
        "state": {
          "branch": null,
          "revision": "bbc4bc4def7eb05a7ba8e1219f80ee9be327334e",
          "version": "6.2.1"
        }
      }
    ]
  },
  "version": 1
}
